
Microsoft Visual Studio Solution File, Format Version 12.00
# Visual Studio 15
VisualStudioVersion = 15.0.27130.2010
MinimumVisualStudioVersion = 10.0.40219.1
Project("{9A19103F-16F7-4668-BE54-9A1E7A4F7556}") = "zero.core", "zero.core\zero.core.csproj", "{8FE03967-BF10-4E73-BE44-9268011CC4AC}"
	ProjectSection(ProjectDependencies) = postProject
		{43F7FC36-2839-4EED-AD27-88D3CE3E79CF} = {43F7FC36-2839-4EED-AD27-88D3CE3E79CF}
	EndProjectSection
EndProject
Project("{9A19103F-16F7-4668-BE54-9A1E7A4F7556}") = "zero.api", "zero.api\zero.api.csproj", "{FD9C2CE5-C3AD-46CE-9B6E-D2E2A3778B85}"
EndProject
Project("{9A19103F-16F7-4668-BE54-9A1E7A4F7556}") = "zero.sync", "zero.sync\zero.sync.csproj", "{262602D8-9CC3-4F36-90C6-EB13565281DC}"
EndProject
Project("{2150E333-8FDC-42A3-9474-1A3956D46DE8}") = "submodules", "submodules", "{C65FF55C-3A8A-4E88-9FF6-CD16138C4C7B}"
EndProject
Project("{9A19103F-16F7-4668-BE54-9A1E7A4F7556}") = "Tangle.Net.Standard", "submodules\tangle.net\Tangle.Net.Standard\Tangle.Net.Standard\Tangle.Net.Standard.csproj", "{43F7FC36-2839-4EED-AD27-88D3CE3E79CF}"
EndProject
Project("{9A19103F-16F7-4668-BE54-9A1E7A4F7556}") = "zero.web", "zero.web\zero.web.csproj", "{3A7D7F13-9CA5-4EED-AA14-A07A46309880}"
EndProject
Project("{2150E333-8FDC-42A3-9474-1A3956D46DE8}") = "interop", "interop", "{C333663D-4F15-48B6-A4EA-E267C6C1CF5C}"
EndProject
Project("{FAE04EC0-301F-11D3-BF4B-00C04F79EFBC}") = "zero.interop", "zero.interop\zero.interop.csproj", "{5BDD2989-836E-478A-B0C1-C52BCCDC4B03}"
EndProject
Global
	GlobalSection(SolutionConfigurationPlatforms) = preSolution
		Debug|Any CPU = Debug|Any CPU
		Release|Any CPU = Release|Any CPU
	EndGlobalSection
	GlobalSection(ProjectConfigurationPlatforms) = postSolution
		{8FE03967-BF10-4E73-BE44-9268011CC4AC}.Debug|Any CPU.ActiveCfg = Debug|Any CPU
		{8FE03967-BF10-4E73-BE44-9268011CC4AC}.Debug|Any CPU.Build.0 = Debug|Any CPU
		{8FE03967-BF10-4E73-BE44-9268011CC4AC}.Release|Any CPU.ActiveCfg = Release|Any CPU
		{8FE03967-BF10-4E73-BE44-9268011CC4AC}.Release|Any CPU.Build.0 = Release|Any CPU
		{FD9C2CE5-C3AD-46CE-9B6E-D2E2A3778B85}.Debug|Any CPU.ActiveCfg = Debug|Any CPU
		{FD9C2CE5-C3AD-46CE-9B6E-D2E2A3778B85}.Debug|Any CPU.Build.0 = Debug|Any CPU
		{FD9C2CE5-C3AD-46CE-9B6E-D2E2A3778B85}.Release|Any CPU.ActiveCfg = Release|Any CPU
		{FD9C2CE5-C3AD-46CE-9B6E-D2E2A3778B85}.Release|Any CPU.Build.0 = Release|Any CPU
		{262602D8-9CC3-4F36-90C6-EB13565281DC}.Debug|Any CPU.ActiveCfg = Debug|Any CPU
		{262602D8-9CC3-4F36-90C6-EB13565281DC}.Debug|Any CPU.Build.0 = Debug|Any CPU
		{262602D8-9CC3-4F36-90C6-EB13565281DC}.Release|Any CPU.ActiveCfg = Release|Any CPU
		{262602D8-9CC3-4F36-90C6-EB13565281DC}.Release|Any CPU.Build.0 = Release|Any CPU
		{43F7FC36-2839-4EED-AD27-88D3CE3E79CF}.Debug|Any CPU.ActiveCfg = Debug|Any CPU
		{43F7FC36-2839-4EED-AD27-88D3CE3E79CF}.Debug|Any CPU.Build.0 = Debug|Any CPU
		{43F7FC36-2839-4EED-AD27-88D3CE3E79CF}.Release|Any CPU.ActiveCfg = Release|Any CPU
		{43F7FC36-2839-4EED-AD27-88D3CE3E79CF}.Release|Any CPU.Build.0 = Release|Any CPU
		{3A7D7F13-9CA5-4EED-AA14-A07A46309880}.Debug|Any CPU.ActiveCfg = Debug|Any CPU
		{3A7D7F13-9CA5-4EED-AA14-A07A46309880}.Debug|Any CPU.Build.0 = Debug|Any CPU
		{3A7D7F13-9CA5-4EED-AA14-A07A46309880}.Release|Any CPU.ActiveCfg = Release|Any CPU
		{3A7D7F13-9CA5-4EED-AA14-A07A46309880}.Release|Any CPU.Build.0 = Release|Any CPU
		{5BDD2989-836E-478A-B0C1-C52BCCDC4B03}.Debug|Any CPU.ActiveCfg = Debug|Any CPU
		{5BDD2989-836E-478A-B0C1-C52BCCDC4B03}.Debug|Any CPU.Build.0 = Debug|Any CPU
		{5BDD2989-836E-478A-B0C1-C52BCCDC4B03}.Release|Any CPU.ActiveCfg = Release|Any CPU
		{5BDD2989-836E-478A-B0C1-C52BCCDC4B03}.Release|Any CPU.Build.0 = Release|Any CPU
	EndGlobalSection
	GlobalSection(SolutionProperties) = preSolution
		HideSolutionNode = FALSE
	EndGlobalSection
	GlobalSection(NestedProjects) = preSolution
		{43F7FC36-2839-4EED-AD27-88D3CE3E79CF} = {C65FF55C-3A8A-4E88-9FF6-CD16138C4C7B}
	EndGlobalSection
	GlobalSection(ExtensibilityGlobals) = postSolution
		SolutionGuid = {B1DC2EE1-FEE5-4E1C-A6E4-648F0A92A783}
	EndGlobalSection
EndGlobal
